
Microsoft Visual Studio Solution File, Format Version 12.00
# Visual Studio Version 17
VisualStudioVersion = 17.1.32228.430
MinimumVisualStudioVersion = 10.0.40219.1
Project("{FAE04EC0-301F-11D3-BF4B-00C04F79EFBC}") = "Blazor-ConfirmationModal", "Blazor-ConfirmationModal\Blazor-ConfirmationModal.csproj", "{CD8E65BE-D64F-4CE5-BB1B-83B5402AE861}"
EndProject
Global
	GlobalSection(SolutionConfigurationPlatforms) = preSolution
		Debug|Any CPU = Debug|Any CPU
		Release|Any CPU = Release|Any CPU
	EndGlobalSection
	GlobalSection(ProjectConfigurationPlatforms) = postSolution
		{CD8E65BE-D64F-4CE5-BB1B-83B5402AE861}.Debug|Any CPU.ActiveCfg = Debug|Any CPU
		{CD8E65BE-D64F-4CE5-BB1B-83B5402AE861}.Debug|Any CPU.Build.0 = Debug|Any CPU
		{CD8E65BE-D64F-4CE5-BB1B-83B5402AE861}.Release|Any CPU.ActiveCfg = Release|Any CPU
		{CD8E65BE-D64F-4CE5-BB1B-83B5402AE861}.Release|Any CPU.Build.0 = Release|Any CPU
	EndGlobalSection
	GlobalSection(SolutionProperties) = preSolution
		HideSolutionNode = FALSE
	EndGlobalSection
	GlobalSection(ExtensibilityGlobals) = postSolution
		SolutionGuid = {0B0C0397-3720-4D58-B170-A505938DB39F}
	EndGlobalSection
EndGlobal
